// !$*UTF8*$!
{
	archiveVersion = 1;
	classes = {
	};
	objectVersion = 77;
	objects = {

/* Begin PBXBuildFile section */
		909C931C2CE5F08E00976538 /* .gitignore in Resources */ = {isa = PBXBuildFile; fileRef = 909C931B2CE5F08E00976538 /* .gitignore */; };
		909C93232CE5F29100976538 /* Preview Assets.xcassets in Resources */ = {isa = PBXBuildFile; fileRef = 909C931D2CE5F29100976538 /* Preview Assets.xcassets */; };
		909C93242CE5F29100976538 /* Assets.xcassets in Resources */ = {isa = PBXBuildFile; fileRef = 909C931F2CE5F29100976538 /* Assets.xcassets */; };
		909C93252CE5F29100976538 /* ContentView.swift in Sources */ = {isa = PBXBuildFile; fileRef = 909C93202CE5F29100976538 /* ContentView.swift */; };
		909C93262CE5F29100976538 /* PepperoniV2App.swift in Sources */ = {isa = PBXBuildFile; fileRef = 909C93212CE5F29100976538 /* PepperoniV2App.swift */; };
		BD400C9D2CE890320052174B /* AppDelegate.swift in Sources */ = {isa = PBXBuildFile; fileRef = BD400C9C2CE8902C0052174B /* AppDelegate.swift */; };
		BD400CA12CE890B40052174B /* AnimeQuote.swift in Sources */ = {isa = PBXBuildFile; fileRef = BD400CA02CE890B00052174B /* AnimeQuote.swift */; };
		BD400CA62CE891C10052174B /* HomeView.swift in Sources */ = {isa = PBXBuildFile; fileRef = BD400CA52CE891B90052174B /* HomeView.swift */; };
		BD400CA82CE892330052174B /* HomeViewModel.swift in Sources */ = {isa = PBXBuildFile; fileRef = BD400CA72CE892300052174B /* HomeViewModel.swift */; };
		BD400CAC2CE8927D0052174B /* AnimeSelectView.swift in Sources */ = {isa = PBXBuildFile; fileRef = BD400CAB2CE8927D0052174B /* AnimeSelectView.swift */; };
		BD400CB32CE892CE0052174B /* PlayerSettingView.swift in Sources */ = {isa = PBXBuildFile; fileRef = BD400CB22CE892CE0052174B /* PlayerSettingView.swift */; };
		BD400CB52CE892D90052174B /* GameSettingViewModel.swift in Sources */ = {isa = PBXBuildFile; fileRef = BD400CB42CE892D90052174B /* GameSettingViewModel.swift */; };
		BD400CB92CE9A8720052174B /* TurnSettingView.swift in Sources */ = {isa = PBXBuildFile; fileRef = BD400CB82CE9A8720052174B /* TurnSettingView.swift */; };
		BD400CBD2CE9A8860052174B /* VideoPlayView.swift in Sources */ = {isa = PBXBuildFile; fileRef = BD400CBC2CE9A8860052174B /* VideoPlayView.swift */; };
		BD400CBF2CE9A8930052174B /* SpeakingView.swift in Sources */ = {isa = PBXBuildFile; fileRef = BD400CBE2CE9A8930052174B /* SpeakingView.swift */; };
		BD400CC12CE9A8A10052174B /* ScoreView.swift in Sources */ = {isa = PBXBuildFile; fileRef = BD400CC02CE9A8A10052174B /* ScoreView.swift */; };
		BD400CC32CE9A8A90052174B /* RankingView.swift in Sources */ = {isa = PBXBuildFile; fileRef = BD400CC22CE9A8A90052174B /* RankingView.swift */; };
		BD400CC52CE9A9DC0052174B /* Router.swift in Sources */ = {isa = PBXBuildFile; fileRef = BD400CC42CE9A9DC0052174B /* Router.swift */; };
		BD400CC72CE9ACFD0052174B /* Game.swift in Sources */ = {isa = PBXBuildFile; fileRef = BD400CC62CE9ACFD0052174B /* Game.swift */; };
		BD400CCA2CEA62270052174B /* YouTubeiOSPlayerHelper in Frameworks */ = {isa = PBXBuildFile; productRef = BD400CC92CEA62270052174B /* YouTubeiOSPlayerHelper */; };
		BD400CCD2CEA63670052174B /* YoutubePlayerView.swift in Sources */ = {isa = PBXBuildFile; fileRef = BD400CCC2CEA63670052174B /* YoutubePlayerView.swift */; };
		BD9A1FD62CEB5EFF0077F005 /* GameData.swift in Sources */ = {isa = PBXBuildFile; fileRef = BD9A1FD52CEB5EFF0077F005 /* GameData.swift */; };
		BD9A1FD82CEB6F4A0077F005 /* PlayerSettingViewModel.swift in Sources */ = {isa = PBXBuildFile; fileRef = BD9A1FD72CEB6F4A0077F005 /* PlayerSettingViewModel.swift */; };
/* End PBXBuildFile section */

/* Begin PBXFileReference section */
		909C93082CE5EFE400976538 /* PepperoniV2.app */ = {isa = PBXFileReference; explicitFileType = wrapper.application; includeInIndex = 0; path = PepperoniV2.app; sourceTree = BUILT_PRODUCTS_DIR; };
		909C931B2CE5F08E00976538 /* .gitignore */ = {isa = PBXFileReference; lastKnownFileType = text; path = .gitignore; sourceTree = "<group>"; };
		909C931D2CE5F29100976538 /* Preview Assets.xcassets */ = {isa = PBXFileReference; lastKnownFileType = folder.assetcatalog; path = "Preview Assets.xcassets"; sourceTree = "<group>"; };
		909C931F2CE5F29100976538 /* Assets.xcassets */ = {isa = PBXFileReference; lastKnownFileType = folder.assetcatalog; path = Assets.xcassets; sourceTree = "<group>"; };
		909C93202CE5F29100976538 /* ContentView.swift */ = {isa = PBXFileReference; lastKnownFileType = sourcecode.swift; path = ContentView.swift; sourceTree = "<group>"; };
		909C93212CE5F29100976538 /* PepperoniV2App.swift */ = {isa = PBXFileReference; lastKnownFileType = sourcecode.swift; path = PepperoniV2App.swift; sourceTree = "<group>"; };
		BD400C9C2CE8902C0052174B /* AppDelegate.swift */ = {isa = PBXFileReference; lastKnownFileType = sourcecode.swift; path = AppDelegate.swift; sourceTree = "<group>"; };
		BD400CA02CE890B00052174B /* AnimeQuote.swift */ = {isa = PBXFileReference; lastKnownFileType = sourcecode.swift; path = AnimeQuote.swift; sourceTree = "<group>"; };
		BD400CA52CE891B90052174B /* HomeView.swift */ = {isa = PBXFileReference; lastKnownFileType = sourcecode.swift; path = HomeView.swift; sourceTree = "<group>"; };
		BD400CA72CE892300052174B /* HomeViewModel.swift */ = {isa = PBXFileReference; lastKnownFileType = sourcecode.swift; path = HomeViewModel.swift; sourceTree = "<group>"; };
		BD400CAB2CE8927D0052174B /* AnimeSelectView.swift */ = {isa = PBXFileReference; lastKnownFileType = sourcecode.swift; path = AnimeSelectView.swift; sourceTree = "<group>"; };
		BD400CB22CE892CE0052174B /* PlayerSettingView.swift */ = {isa = PBXFileReference; lastKnownFileType = sourcecode.swift; path = PlayerSettingView.swift; sourceTree = "<group>"; };
		BD400CB42CE892D90052174B /* GameSettingViewModel.swift */ = {isa = PBXFileReference; lastKnownFileType = sourcecode.swift; path = GameSettingViewModel.swift; sourceTree = "<group>"; };
		BD400CB82CE9A8720052174B /* TurnSettingView.swift */ = {isa = PBXFileReference; lastKnownFileType = sourcecode.swift; path = TurnSettingView.swift; sourceTree = "<group>"; };
		BD400CBC2CE9A8860052174B /* VideoPlayView.swift */ = {isa = PBXFileReference; lastKnownFileType = sourcecode.swift; path = VideoPlayView.swift; sourceTree = "<group>"; };
		BD400CBE2CE9A8930052174B /* SpeakingView.swift */ = {isa = PBXFileReference; lastKnownFileType = sourcecode.swift; path = SpeakingView.swift; sourceTree = "<group>"; };
		BD400CC02CE9A8A10052174B /* ScoreView.swift */ = {isa = PBXFileReference; lastKnownFileType = sourcecode.swift; path = ScoreView.swift; sourceTree = "<group>"; };
		BD400CC22CE9A8A90052174B /* RankingView.swift */ = {isa = PBXFileReference; lastKnownFileType = sourcecode.swift; path = RankingView.swift; sourceTree = "<group>"; };
		BD400CC42CE9A9DC0052174B /* Router.swift */ = {isa = PBXFileReference; lastKnownFileType = sourcecode.swift; path = Router.swift; sourceTree = "<group>"; };
		BD400CC62CE9ACFD0052174B /* Game.swift */ = {isa = PBXFileReference; lastKnownFileType = sourcecode.swift; path = Game.swift; sourceTree = "<group>"; };
		BD400CCC2CEA63670052174B /* YoutubePlayerView.swift */ = {isa = PBXFileReference; lastKnownFileType = sourcecode.swift; path = YoutubePlayerView.swift; sourceTree = "<group>"; };
		BD9A1FD52CEB5EFF0077F005 /* GameData.swift */ = {isa = PBXFileReference; lastKnownFileType = sourcecode.swift; path = GameData.swift; sourceTree = "<group>"; };
		BD9A1FD72CEB6F4A0077F005 /* PlayerSettingViewModel.swift */ = {isa = PBXFileReference; lastKnownFileType = sourcecode.swift; path = PlayerSettingViewModel.swift; sourceTree = "<group>"; };
/* End PBXFileReference section */

/* Begin PBXFrameworksBuildPhase section */
		909C93052CE5EFE400976538 /* Frameworks */ = {
			isa = PBXFrameworksBuildPhase;
			buildActionMask = 2147483647;
			files = (
				BD400CCA2CEA62270052174B /* YouTubeiOSPlayerHelper in Frameworks */,
			);
			runOnlyForDeploymentPostprocessing = 0;
		};
/* End PBXFrameworksBuildPhase section */

/* Begin PBXGroup section */
		909C92FF2CE5EFE400976538 = {
			isa = PBXGroup;
			children = (
				909C931B2CE5F08E00976538 /* .gitignore */,
				909C93222CE5F29100976538 /* PepperoniV2 */,
				909C93092CE5EFE400976538 /* Products */,
			);
			sourceTree = "<group>";
		};
		909C93092CE5EFE400976538 /* Products */ = {
			isa = PBXGroup;
			children = (
				909C93082CE5EFE400976538 /* PepperoniV2.app */,
			);
			name = Products;
			sourceTree = "<group>";
		};
		909C931E2CE5F29100976538 /* Preview Content */ = {
			isa = PBXGroup;
			children = (
				909C931D2CE5F29100976538 /* Preview Assets.xcassets */,
			);
			path = "Preview Content";
			sourceTree = "<group>";
		};
		909C93222CE5F29100976538 /* PepperoniV2 */ = {
			isa = PBXGroup;
			children = (
				BD400C9B2CE890200052174B /* App */,
				BD400C9E2CE890620052174B /* Data */,
				BD400CB62CE9A7360052174B /* Router */,
				BD400CA32CE8914D0052174B /* Presentation */,
				BD400C992CE88EDD0052174B /* Resource */,
				909C931E2CE5F29100976538 /* Preview Content */,
			);
			path = PepperoniV2;
			sourceTree = "<group>";
		};
		BD400C992CE88EDD0052174B /* Resource */ = {
			isa = PBXGroup;
			children = (
				909C931F2CE5F29100976538 /* Assets.xcassets */,
			);
			path = Resource;
			sourceTree = "<group>";
		};
		BD400C9B2CE890200052174B /* App */ = {
			isa = PBXGroup;
			children = (
				BD400C9C2CE8902C0052174B /* AppDelegate.swift */,
				909C93212CE5F29100976538 /* PepperoniV2App.swift */,
			);
			path = App;
			sourceTree = "<group>";
		};
		BD400C9E2CE890620052174B /* Data */ = {
			isa = PBXGroup;
			children = (
				BD400CA02CE890B00052174B /* AnimeQuote.swift */,
				BD9A1FD52CEB5EFF0077F005 /* GameData.swift */,
			);
			path = Data;
			sourceTree = "<group>";
		};
		BD400CA32CE8914D0052174B /* Presentation */ = {
			isa = PBXGroup;
			children = (
				BD400CCB2CEA62D40052174B /* Components */,
				909C93202CE5F29100976538 /* ContentView.swift */,
				BD400CA42CE8918F0052174B /* Home */,
				BD400CA92CE8924F0052174B /* GameSetting */,
				BD400CB72CE9A7CA0052174B /* Game */,
			);
			path = Presentation;
			sourceTree = "<group>";
		};
		BD400CA42CE8918F0052174B /* Home */ = {
			isa = PBXGroup;
			children = (
				BD400CA52CE891B90052174B /* HomeView.swift */,
				BD400CA72CE892300052174B /* HomeViewModel.swift */,
			);
			path = Home;
			sourceTree = "<group>";
		};
		BD400CA92CE8924F0052174B /* GameSetting */ = {
			isa = PBXGroup;
			children = (
				BD400CAB2CE8927D0052174B /* AnimeSelectView.swift */,
				BD400CB22CE892CE0052174B /* PlayerSettingView.swift */,
				BD9A1FD72CEB6F4A0077F005 /* PlayerSettingViewModel.swift */,
				BD400CB42CE892D90052174B /* GameSettingViewModel.swift */,
			);
			path = GameSetting;
			sourceTree = "<group>";
		};
		BD400CB62CE9A7360052174B /* Router */ = {
			isa = PBXGroup;
			children = (
				BD400CC42CE9A9DC0052174B /* Router.swift */,
				BD400CC62CE9ACFD0052174B /* Game.swift */,
			);
			path = Router;
			sourceTree = "<group>";
		};
		BD400CB72CE9A7CA0052174B /* Game */ = {
			isa = PBXGroup;
			children = (
				BD400CB82CE9A8720052174B /* TurnSettingView.swift */,
				BD400CBC2CE9A8860052174B /* VideoPlayView.swift */,
				BD400CBE2CE9A8930052174B /* SpeakingView.swift */,
				BD400CC02CE9A8A10052174B /* ScoreView.swift */,
				BD400CC22CE9A8A90052174B /* RankingView.swift */,
			);
			path = Game;
			sourceTree = "<group>";
		};
		BD400CCB2CEA62D40052174B /* Components */ = {
			isa = PBXGroup;
			children = (
				BD400CCC2CEA63670052174B /* YoutubePlayerView.swift */,
			);
			path = Components;
			sourceTree = "<group>";
		};
/* End PBXGroup section */

/* Begin PBXNativeTarget section */
		909C93072CE5EFE400976538 /* PepperoniV2 */ = {
			isa = PBXNativeTarget;
			buildConfigurationList = 909C93162CE5EFE500976538 /* Build configuration list for PBXNativeTarget "PepperoniV2" */;
			buildPhases = (
				909C93042CE5EFE400976538 /* Sources */,
				909C93052CE5EFE400976538 /* Frameworks */,
				909C93062CE5EFE400976538 /* Resources */,
			);
			buildRules = (
			);
			dependencies = (
			);
			name = PepperoniV2;
			packageProductDependencies = (
				BD400CC92CEA62270052174B /* YouTubeiOSPlayerHelper */,
			);
			productName = PepperoniV2;
			productReference = 909C93082CE5EFE400976538 /* PepperoniV2.app */;
			productType = "com.apple.product-type.application";
		};
/* End PBXNativeTarget section */

/* Begin PBXProject section */
		909C93002CE5EFE400976538 /* Project object */ = {
			isa = PBXProject;
			attributes = {
				BuildIndependentTargetsInParallel = 1;
				LastSwiftUpdateCheck = 1610;
				LastUpgradeCheck = 1610;
				TargetAttributes = {
					909C93072CE5EFE400976538 = {
						CreatedOnToolsVersion = 16.1;
					};
				};
			};
			buildConfigurationList = 909C93032CE5EFE400976538 /* Build configuration list for PBXProject "PepperoniV2" */;
			developmentRegion = en;
			hasScannedForEncodings = 0;
			knownRegions = (
				en,
				Base,
			);
			mainGroup = 909C92FF2CE5EFE400976538;
			minimizedProjectReferenceProxies = 1;
			packageReferences = (
				BD400CC82CEA62270052174B /* XCRemoteSwiftPackageReference "youtube-ios-player-helper" */,
			);
			preferredProjectObjectVersion = 77;
			productRefGroup = 909C93092CE5EFE400976538 /* Products */;
			projectDirPath = "";
			projectRoot = "";
			targets = (
				909C93072CE5EFE400976538 /* PepperoniV2 */,
			);
		};
/* End PBXProject section */

/* Begin PBXResourcesBuildPhase section */
		909C93062CE5EFE400976538 /* Resources */ = {
			isa = PBXResourcesBuildPhase;
			buildActionMask = 2147483647;
			files = (
				909C93232CE5F29100976538 /* Preview Assets.xcassets in Resources */,
				909C93242CE5F29100976538 /* Assets.xcassets in Resources */,
				909C931C2CE5F08E00976538 /* .gitignore in Resources */,
			);
			runOnlyForDeploymentPostprocessing = 0;
		};
/* End PBXResourcesBuildPhase section */

/* Begin PBXSourcesBuildPhase section */
		909C93042CE5EFE400976538 /* Sources */ = {
			isa = PBXSourcesBuildPhase;
			buildActionMask = 2147483647;
			files = (
				BD400CB52CE892D90052174B /* GameSettingViewModel.swift in Sources */,
				BD400CA82CE892330052174B /* HomeViewModel.swift in Sources */,
				BD400C9D2CE890320052174B /* AppDelegate.swift in Sources */,
				BD400CBD2CE9A8860052174B /* VideoPlayView.swift in Sources */,
				909C93252CE5F29100976538 /* ContentView.swift in Sources */,
				909C93262CE5F29100976538 /* PepperoniV2App.swift in Sources */,
				BD400CBF2CE9A8930052174B /* SpeakingView.swift in Sources */,
				BD400CC32CE9A8A90052174B /* RankingView.swift in Sources */,
				BD400CB32CE892CE0052174B /* PlayerSettingView.swift in Sources */,
				BD400CB92CE9A8720052174B /* TurnSettingView.swift in Sources */,
				BD400CC52CE9A9DC0052174B /* Router.swift in Sources */,
				BD9A1FD82CEB6F4A0077F005 /* PlayerSettingViewModel.swift in Sources */,
				BD400CAC2CE8927D0052174B /* AnimeSelectView.swift in Sources */,
				BD9A1FD62CEB5EFF0077F005 /* GameData.swift in Sources */,
				BD400CA62CE891C10052174B /* HomeView.swift in Sources */,
				BD400CC12CE9A8A10052174B /* ScoreView.swift in Sources */,
				BD400CCD2CEA63670052174B /* YoutubePlayerView.swift in Sources */,
				BD400CA12CE890B40052174B /* AnimeQuote.swift in Sources */,
				BD400CC72CE9ACFD0052174B /* Game.swift in Sources */,
			);
			runOnlyForDeploymentPostprocessing = 0;
		};
/* End PBXSourcesBuildPhase section */

/* Begin XCBuildConfiguration section */
		909C93142CE5EFE500976538 /* Debug */ = {
			isa = XCBuildConfiguration;
			buildSettings = {
				ALWAYS_SEARCH_USER_PATHS = NO;
				ASSETCATALOG_COMPILER_GENERATE_SWIFT_ASSET_SYMBOL_EXTENSIONS = YES;
				CLANG_ANALYZER_NONNULL = YES;
				CLANG_ANALYZER_NUMBER_OBJECT_CONVERSION = YES_AGGRESSIVE;
				CLANG_CXX_LANGUAGE_STANDARD = "gnu++20";
				CLANG_ENABLE_MODULES = YES;
				CLANG_ENABLE_OBJC_ARC = YES;
				CLANG_ENABLE_OBJC_WEAK = YES;
				CLANG_WARN_BLOCK_CAPTURE_AUTORELEASING = YES;
				CLANG_WARN_BOOL_CONVERSION = YES;
				CLANG_WARN_COMMA = YES;
				CLANG_WARN_CONSTANT_CONVERSION = YES;
				CLANG_WARN_DEPRECATED_OBJC_IMPLEMENTATIONS = YES;
				CLANG_WARN_DIRECT_OBJC_ISA_USAGE = YES_ERROR;
				CLANG_WARN_DOCUMENTATION_COMMENTS = YES;
				CLANG_WARN_EMPTY_BODY = YES;
				CLANG_WARN_ENUM_CONVERSION = YES;
				CLANG_WARN_INFINITE_RECURSION = YES;
				CLANG_WARN_INT_CONVERSION = YES;
				CLANG_WARN_NON_LITERAL_NULL_CONVERSION = YES;
				CLANG_WARN_OBJC_IMPLICIT_RETAIN_SELF = YES;
				CLANG_WARN_OBJC_LITERAL_CONVERSION = YES;
				CLANG_WARN_OBJC_ROOT_CLASS = YES_ERROR;
				CLANG_WARN_QUOTED_INCLUDE_IN_FRAMEWORK_HEADER = YES;
				CLANG_WARN_RANGE_LOOP_ANALYSIS = YES;
				CLANG_WARN_STRICT_PROTOTYPES = YES;
				CLANG_WARN_SUSPICIOUS_MOVE = YES;
				CLANG_WARN_UNGUARDED_AVAILABILITY = YES_AGGRESSIVE;
				CLANG_WARN_UNREACHABLE_CODE = YES;
				CLANG_WARN__DUPLICATE_METHOD_MATCH = YES;
				COPY_PHASE_STRIP = NO;
				DEBUG_INFORMATION_FORMAT = dwarf;
				ENABLE_STRICT_OBJC_MSGSEND = YES;
				ENABLE_TESTABILITY = YES;
				ENABLE_USER_SCRIPT_SANDBOXING = YES;
				GCC_C_LANGUAGE_STANDARD = gnu17;
				GCC_DYNAMIC_NO_PIC = NO;
				GCC_NO_COMMON_BLOCKS = YES;
				GCC_OPTIMIZATION_LEVEL = 0;
				GCC_PREPROCESSOR_DEFINITIONS = (
					"DEBUG=1",
					"$(inherited)",
				);
				GCC_WARN_64_TO_32_BIT_CONVERSION = YES;
				GCC_WARN_ABOUT_RETURN_TYPE = YES_ERROR;
				GCC_WARN_UNDECLARED_SELECTOR = YES;
				GCC_WARN_UNINITIALIZED_AUTOS = YES_AGGRESSIVE;
				GCC_WARN_UNUSED_FUNCTION = YES;
				GCC_WARN_UNUSED_VARIABLE = YES;
				IPHONEOS_DEPLOYMENT_TARGET = 18.1;
				LOCALIZATION_PREFERS_STRING_CATALOGS = YES;
				MTL_ENABLE_DEBUG_INFO = INCLUDE_SOURCE;
				MTL_FAST_MATH = YES;
				ONLY_ACTIVE_ARCH = YES;
				SDKROOT = iphoneos;
				SWIFT_ACTIVE_COMPILATION_CONDITIONS = "DEBUG $(inherited)";
				SWIFT_OPTIMIZATION_LEVEL = "-Onone";
			};
			name = Debug;
		};
		909C93152CE5EFE500976538 /* Release */ = {
			isa = XCBuildConfiguration;
			buildSettings = {
				ALWAYS_SEARCH_USER_PATHS = NO;
				ASSETCATALOG_COMPILER_GENERATE_SWIFT_ASSET_SYMBOL_EXTENSIONS = YES;
				CLANG_ANALYZER_NONNULL = YES;
				CLANG_ANALYZER_NUMBER_OBJECT_CONVERSION = YES_AGGRESSIVE;
				CLANG_CXX_LANGUAGE_STANDARD = "gnu++20";
				CLANG_ENABLE_MODULES = YES;
				CLANG_ENABLE_OBJC_ARC = YES;
				CLANG_ENABLE_OBJC_WEAK = YES;
				CLANG_WARN_BLOCK_CAPTURE_AUTORELEASING = YES;
				CLANG_WARN_BOOL_CONVERSION = YES;
				CLANG_WARN_COMMA = YES;
				CLANG_WARN_CONSTANT_CONVERSION = YES;
				CLANG_WARN_DEPRECATED_OBJC_IMPLEMENTATIONS = YES;
				CLANG_WARN_DIRECT_OBJC_ISA_USAGE = YES_ERROR;
				CLANG_WARN_DOCUMENTATION_COMMENTS = YES;
				CLANG_WARN_EMPTY_BODY = YES;
				CLANG_WARN_ENUM_CONVERSION = YES;
				CLANG_WARN_INFINITE_RECURSION = YES;
				CLANG_WARN_INT_CONVERSION = YES;
				CLANG_WARN_NON_LITERAL_NULL_CONVERSION = YES;
				CLANG_WARN_OBJC_IMPLICIT_RETAIN_SELF = YES;
				CLANG_WARN_OBJC_LITERAL_CONVERSION = YES;
				CLANG_WARN_OBJC_ROOT_CLASS = YES_ERROR;
				CLANG_WARN_QUOTED_INCLUDE_IN_FRAMEWORK_HEADER = YES;
				CLANG_WARN_RANGE_LOOP_ANALYSIS = YES;
				CLANG_WARN_STRICT_PROTOTYPES = YES;
				CLANG_WARN_SUSPICIOUS_MOVE = YES;
				CLANG_WARN_UNGUARDED_AVAILABILITY = YES_AGGRESSIVE;
				CLANG_WARN_UNREACHABLE_CODE = YES;
				CLANG_WARN__DUPLICATE_METHOD_MATCH = YES;
				COPY_PHASE_STRIP = NO;
				DEBUG_INFORMATION_FORMAT = "dwarf-with-dsym";
				ENABLE_NS_ASSERTIONS = NO;
				ENABLE_STRICT_OBJC_MSGSEND = YES;
				ENABLE_USER_SCRIPT_SANDBOXING = YES;
				GCC_C_LANGUAGE_STANDARD = gnu17;
				GCC_NO_COMMON_BLOCKS = YES;
				GCC_WARN_64_TO_32_BIT_CONVERSION = YES;
				GCC_WARN_ABOUT_RETURN_TYPE = YES_ERROR;
				GCC_WARN_UNDECLARED_SELECTOR = YES;
				GCC_WARN_UNINITIALIZED_AUTOS = YES_AGGRESSIVE;
				GCC_WARN_UNUSED_FUNCTION = YES;
				GCC_WARN_UNUSED_VARIABLE = YES;
				IPHONEOS_DEPLOYMENT_TARGET = 18.1;
				LOCALIZATION_PREFERS_STRING_CATALOGS = YES;
				MTL_ENABLE_DEBUG_INFO = NO;
				MTL_FAST_MATH = YES;
				SDKROOT = iphoneos;
				SWIFT_COMPILATION_MODE = wholemodule;
				VALIDATE_PRODUCT = YES;
			};
			name = Release;
		};
		909C93172CE5EFE500976538 /* Debug */ = {
			isa = XCBuildConfiguration;
			buildSettings = {
				ASSETCATALOG_COMPILER_APPICON_NAME = AppIcon;
				ASSETCATALOG_COMPILER_GLOBAL_ACCENT_COLOR_NAME = AccentColor;
				CODE_SIGN_STYLE = Automatic;
				CURRENT_PROJECT_VERSION = 1;
				DEVELOPMENT_ASSET_PATHS = "\"PepperoniV2/Preview Content\"";
				DEVELOPMENT_TEAM = PK4L7H6D6F;
				ENABLE_PREVIEWS = YES;
				GENERATE_INFOPLIST_FILE = YES;
				INFOPLIST_KEY_UIApplicationSceneManifest_Generation = YES;
				INFOPLIST_KEY_UIApplicationSupportsIndirectInputEvents = YES;
				INFOPLIST_KEY_UILaunchScreen_Generation = YES;
				INFOPLIST_KEY_UISupportedInterfaceOrientations_iPad = "UIInterfaceOrientationPortrait UIInterfaceOrientationPortraitUpsideDown UIInterfaceOrientationLandscapeLeft UIInterfaceOrientationLandscapeRight";
				INFOPLIST_KEY_UISupportedInterfaceOrientations_iPhone = "UIInterfaceOrientationPortrait UIInterfaceOrientationLandscapeLeft UIInterfaceOrientationLandscapeRight";
				IPHONEOS_DEPLOYMENT_TARGET = 17.0;
				LD_RUNPATH_SEARCH_PATHS = (
					"$(inherited)",
					"@executable_path/Frameworks",
				);
				MARKETING_VERSION = 1.0;
				PRODUCT_BUNDLE_IDENTIFIER = test.PepperoniV2;
				PRODUCT_NAME = "$(TARGET_NAME)";
				SWIFT_EMIT_LOC_STRINGS = YES;
				SWIFT_VERSION = 5.0;
				TARGETED_DEVICE_FAMILY = "1,2";
			};
			name = Debug;
		};
		909C93182CE5EFE500976538 /* Release */ = {
			isa = XCBuildConfiguration;
			buildSettings = {
				ASSETCATALOG_COMPILER_APPICON_NAME = AppIcon;
				ASSETCATALOG_COMPILER_GLOBAL_ACCENT_COLOR_NAME = AccentColor;
				CODE_SIGN_STYLE = Automatic;
				CURRENT_PROJECT_VERSION = 1;
				DEVELOPMENT_ASSET_PATHS = "\"PepperoniV2/Preview Content\"";
				DEVELOPMENT_TEAM = PK4L7H6D6F;
				ENABLE_PREVIEWS = YES;
				GENERATE_INFOPLIST_FILE = YES;
				INFOPLIST_KEY_UIApplicationSceneManifest_Generation = YES;
				INFOPLIST_KEY_UIApplicationSupportsIndirectInputEvents = YES;
				INFOPLIST_KEY_UILaunchScreen_Generation = YES;
				INFOPLIST_KEY_UISupportedInterfaceOrientations_iPad = "UIInterfaceOrientationPortrait UIInterfaceOrientationPortraitUpsideDown UIInterfaceOrientationLandscapeLeft UIInterfaceOrientationLandscapeRight";
				INFOPLIST_KEY_UISupportedInterfaceOrientations_iPhone = "UIInterfaceOrientationPortrait UIInterfaceOrientationLandscapeLeft UIInterfaceOrientationLandscapeRight";
				IPHONEOS_DEPLOYMENT_TARGET = 17.0;
				LD_RUNPATH_SEARCH_PATHS = (
					"$(inherited)",
					"@executable_path/Frameworks",
				);
				MARKETING_VERSION = 1.0;
				PRODUCT_BUNDLE_IDENTIFIER = test.PepperoniV2;
				PRODUCT_NAME = "$(TARGET_NAME)";
				SWIFT_EMIT_LOC_STRINGS = YES;
				SWIFT_VERSION = 5.0;
				TARGETED_DEVICE_FAMILY = "1,2";
			};
			name = Release;
		};
/* End XCBuildConfiguration section */

/* Begin XCConfigurationList section */
		909C93032CE5EFE400976538 /* Build configuration list for PBXProject "PepperoniV2" */ = {
			isa = XCConfigurationList;
			buildConfigurations = (
				909C93142CE5EFE500976538 /* Debug */,
				909C93152CE5EFE500976538 /* Release */,
			);
			defaultConfigurationIsVisible = 0;
			defaultConfigurationName = Release;
		};
		909C93162CE5EFE500976538 /* Build configuration list for PBXNativeTarget "PepperoniV2" */ = {
			isa = XCConfigurationList;
			buildConfigurations = (
				909C93172CE5EFE500976538 /* Debug */,
				909C93182CE5EFE500976538 /* Release */,
			);
			defaultConfigurationIsVisible = 0;
			defaultConfigurationName = Release;
		};
/* End XCConfigurationList section */

/* Begin XCRemoteSwiftPackageReference section */
		BD400CC82CEA62270052174B /* XCRemoteSwiftPackageReference "youtube-ios-player-helper" */ = {
			isa = XCRemoteSwiftPackageReference;
			repositoryURL = "https://github.com/youtube/youtube-ios-player-helper.git";
			requirement = {
				kind = upToNextMajorVersion;
				minimumVersion = 1.0.4;
			};
		};
/* End XCRemoteSwiftPackageReference section */

/* Begin XCSwiftPackageProductDependency section */
		BD400CC92CEA62270052174B /* YouTubeiOSPlayerHelper */ = {
			isa = XCSwiftPackageProductDependency;
			package = BD400CC82CEA62270052174B /* XCRemoteSwiftPackageReference "youtube-ios-player-helper" */;
			productName = YouTubeiOSPlayerHelper;
		};
/* End XCSwiftPackageProductDependency section */
	};
	rootObject = 909C93002CE5EFE400976538 /* Project object */;
}
